
Microsoft Visual Studio Solution File, Format Version 12.00
# Visual Studio Version 17
VisualStudioVersion = 17.7.34031.279
MinimumVisualStudioVersion = 10.0.40219.1
Project("{FAE04EC0-301F-11D3-BF4B-00C04F79EFBC}") = "FinalsLegitNa", "FinalsLegitNa\FinalsLegitNa.csproj", "{2C24CF71-CAD3-43B4-BDEA-1EC689E5150B}"
EndProject
Global
	GlobalSection(SolutionConfigurationPlatforms) = preSolution
		Debug|Any CPU = Debug|Any CPU
		Release|Any CPU = Release|Any CPU
	EndGlobalSection
	GlobalSection(ProjectConfigurationPlatforms) = postSolution
		{2C24CF71-CAD3-43B4-BDEA-1EC689E5150B}.Debug|Any CPU.ActiveCfg = Debug|Any CPU
		{2C24CF71-CAD3-43B4-BDEA-1EC689E5150B}.Debug|Any CPU.Build.0 = Debug|Any CPU
		{2C24CF71-CAD3-43B4-BDEA-1EC689E5150B}.Release|Any CPU.ActiveCfg = Release|Any CPU
		{2C24CF71-CAD3-43B4-BDEA-1EC689E5150B}.Release|Any CPU.Build.0 = Release|Any CPU
	EndGlobalSection
	GlobalSection(SolutionProperties) = preSolution
		HideSolutionNode = FALSE
	EndGlobalSection
	GlobalSection(ExtensibilityGlobals) = postSolution
		SolutionGuid = {B1A332D6-F631-438F-A44F-90FEFC926A0B}
	EndGlobalSection
EndGlobal
